// !$*UTF8*$!
{
	archiveVersion = 1;
	classes = {
	};
	objectVersion = 56;
	objects = {

/* Begin PBXBuildFile section */
		2A150BC72B71217700AC8C4C /* User.swift in Sources */ = {isa = PBXBuildFile; fileRef = 2A150BC62B71217700AC8C4C /* User.swift */; };
		2A150BC92B7124F800AC8C4C /* Constants.swift in Sources */ = {isa = PBXBuildFile; fileRef = 2A150BC82B7124F800AC8C4C /* Constants.swift */; };
		2A150BCB2B7137D300AC8C4C /* FCollectionReference.swift in Sources */ = {isa = PBXBuildFile; fileRef = 2A150BCA2B7137D300AC8C4C /* FCollectionReference.swift */; };
		2A150BCE2B7139D300AC8C4C /* FirebaseUserListener.swift in Sources */ = {isa = PBXBuildFile; fileRef = 2A150BCD2B7139D300AC8C4C /* FirebaseUserListener.swift */; };
		2AB65C7E2B735A460057B8A3 /* ProfileTableViewController.swift in Sources */ = {isa = PBXBuildFile; fileRef = 2AB65C7D2B735A460057B8A3 /* ProfileTableViewController.swift */; };
		2ABDDB362B6EA25400A0DABF /* GoogleService-Info.plist in Resources */ = {isa = PBXBuildFile; fileRef = 2ABDDB352B6EA25400A0DABF /* GoogleService-Info.plist */; };
		2AC8134D2B7A1049009B9F86 /* FileStorage.swift in Sources */ = {isa = PBXBuildFile; fileRef = 2AC8134C2B7A1049009B9F86 /* FileStorage.swift */; };
		2AC8134F2B7A3FC3009B9F86 /* GlobalFunctions.swift in Sources */ = {isa = PBXBuildFile; fileRef = 2AC8134E2B7A3FC3009B9F86 /* GlobalFunctions.swift */; };
		2AC813512B7A79A9009B9F86 /* Extentions.swift in Sources */ = {isa = PBXBuildFile; fileRef = 2AC813502B7A79A9009B9F86 /* Extentions.swift */; };
		2AE263F02B73F8700084B8B2 /* EditProfileTableViewController.swift in Sources */ = {isa = PBXBuildFile; fileRef = 2AE263EF2B73F8700084B8B2 /* EditProfileTableViewController.swift */; };
		2AE7011D2B6E229D00033992 /* AppDelegate.swift in Sources */ = {isa = PBXBuildFile; fileRef = 2AE7011C2B6E229D00033992 /* AppDelegate.swift */; };
		2AE7011F2B6E229D00033992 /* SceneDelegate.swift in Sources */ = {isa = PBXBuildFile; fileRef = 2AE7011E2B6E229D00033992 /* SceneDelegate.swift */; };
		2AE701212B6E229D00033992 /* LoginViewController.swift in Sources */ = {isa = PBXBuildFile; fileRef = 2AE701202B6E229D00033992 /* LoginViewController.swift */; };
		2AE701242B6E229D00033992 /* Main.storyboard in Resources */ = {isa = PBXBuildFile; fileRef = 2AE701222B6E229D00033992 /* Main.storyboard */; };
		2AE701272B6E229D00033992 /* MyMessage.xcdatamodeld in Sources */ = {isa = PBXBuildFile; fileRef = 2AE701252B6E229D00033992 /* MyMessage.xcdatamodeld */; };
		2AE701292B6E229E00033992 /* Assets.xcassets in Resources */ = {isa = PBXBuildFile; fileRef = 2AE701282B6E229E00033992 /* Assets.xcassets */; };
		2AE7012C2B6E229E00033992 /* LaunchScreen.storyboard in Resources */ = {isa = PBXBuildFile; fileRef = 2AE7012A2B6E229E00033992 /* LaunchScreen.storyboard */; };
		993D9AED3ABF3501C181D6FD /* Pods_MyMessage.framework in Frameworks */ = {isa = PBXBuildFile; fileRef = 6C6C7091DD8CE4EC0A6294FE /* Pods_MyMessage.framework */; };
/* End PBXBuildFile section */

/* Begin PBXFileReference section */
		1A899BE4CC9A0EC9548ED1CE /* Pods-MyMessage.release.xcconfig */ = {isa = PBXFileReference; includeInIndex = 1; lastKnownFileType = text.xcconfig; name = "Pods-MyMessage.release.xcconfig"; path = "Target Support Files/Pods-MyMessage/Pods-MyMessage.release.xcconfig"; sourceTree = "<group>"; };
		2739A26307B5E0967A5A09A7 /* Pods-MyMessage.debug.xcconfig */ = {isa = PBXFileReference; includeInIndex = 1; lastKnownFileType = text.xcconfig; name = "Pods-MyMessage.debug.xcconfig"; path = "Target Support Files/Pods-MyMessage/Pods-MyMessage.debug.xcconfig"; sourceTree = "<group>"; };
		2A150BC62B71217700AC8C4C /* User.swift */ = {isa = PBXFileReference; lastKnownFileType = sourcecode.swift; path = User.swift; sourceTree = "<group>"; };
		2A150BC82B7124F800AC8C4C /* Constants.swift */ = {isa = PBXFileReference; lastKnownFileType = sourcecode.swift; path = Constants.swift; sourceTree = "<group>"; };
		2A150BCA2B7137D300AC8C4C /* FCollectionReference.swift */ = {isa = PBXFileReference; lastKnownFileType = sourcecode.swift; path = FCollectionReference.swift; sourceTree = "<group>"; };
		2A150BCD2B7139D300AC8C4C /* FirebaseUserListener.swift */ = {isa = PBXFileReference; lastKnownFileType = sourcecode.swift; path = FirebaseUserListener.swift; sourceTree = "<group>"; };
		2AB65C7D2B735A460057B8A3 /* ProfileTableViewController.swift */ = {isa = PBXFileReference; lastKnownFileType = sourcecode.swift; path = ProfileTableViewController.swift; sourceTree = "<group>"; };
		2ABDDB352B6EA25400A0DABF /* GoogleService-Info.plist */ = {isa = PBXFileReference; fileEncoding = 4; lastKnownFileType = text.plist.xml; name = "GoogleService-Info.plist"; path = "../../../Downloads/GoogleService-Info.plist"; sourceTree = "<group>"; };
		2AC8134C2B7A1049009B9F86 /* FileStorage.swift */ = {isa = PBXFileReference; lastKnownFileType = sourcecode.swift; path = FileStorage.swift; sourceTree = "<group>"; };
		2AC8134E2B7A3FC3009B9F86 /* GlobalFunctions.swift */ = {isa = PBXFileReference; lastKnownFileType = sourcecode.swift; path = GlobalFunctions.swift; sourceTree = "<group>"; };
		2AC813502B7A79A9009B9F86 /* Extentions.swift */ = {isa = PBXFileReference; lastKnownFileType = sourcecode.swift; path = Extentions.swift; sourceTree = "<group>"; };
		2AE263EF2B73F8700084B8B2 /* EditProfileTableViewController.swift */ = {isa = PBXFileReference; lastKnownFileType = sourcecode.swift; path = EditProfileTableViewController.swift; sourceTree = "<group>"; };
		2AE701192B6E229D00033992 /* MyMessage.app */ = {isa = PBXFileReference; explicitFileType = wrapper.application; includeInIndex = 0; path = MyMessage.app; sourceTree = BUILT_PRODUCTS_DIR; };
		2AE7011C2B6E229D00033992 /* AppDelegate.swift */ = {isa = PBXFileReference; lastKnownFileType = sourcecode.swift; path = AppDelegate.swift; sourceTree = "<group>"; };
		2AE7011E2B6E229D00033992 /* SceneDelegate.swift */ = {isa = PBXFileReference; lastKnownFileType = sourcecode.swift; path = SceneDelegate.swift; sourceTree = "<group>"; };
		2AE701202B6E229D00033992 /* LoginViewController.swift */ = {isa = PBXFileReference; lastKnownFileType = sourcecode.swift; path = LoginViewController.swift; sourceTree = "<group>"; };
		2AE701232B6E229D00033992 /* Base */ = {isa = PBXFileReference; lastKnownFileType = file.storyboard; name = Base; path = Base.lproj/Main.storyboard; sourceTree = "<group>"; };
		2AE701262B6E229D00033992 /* MyMessage.xcdatamodel */ = {isa = PBXFileReference; lastKnownFileType = wrapper.xcdatamodel; path = MyMessage.xcdatamodel; sourceTree = "<group>"; };
		2AE701282B6E229E00033992 /* Assets.xcassets */ = {isa = PBXFileReference; lastKnownFileType = folder.assetcatalog; path = Assets.xcassets; sourceTree = "<group>"; };
		2AE7012B2B6E229E00033992 /* Base */ = {isa = PBXFileReference; lastKnownFileType = file.storyboard; name = Base; path = Base.lproj/LaunchScreen.storyboard; sourceTree = "<group>"; };
		2AE7012D2B6E229E00033992 /* Info.plist */ = {isa = PBXFileReference; lastKnownFileType = text.plist.xml; path = Info.plist; sourceTree = "<group>"; };
		6C6C7091DD8CE4EC0A6294FE /* Pods_MyMessage.framework */ = {isa = PBXFileReference; explicitFileType = wrapper.framework; includeInIndex = 0; path = Pods_MyMessage.framework; sourceTree = BUILT_PRODUCTS_DIR; };
/* End PBXFileReference section */

/* Begin PBXFrameworksBuildPhase section */
		2AE701162B6E229D00033992 /* Frameworks */ = {
			isa = PBXFrameworksBuildPhase;
			buildActionMask = 2147483647;
			files = (
				993D9AED3ABF3501C181D6FD /* Pods_MyMessage.framework in Frameworks */,
			);
			runOnlyForDeploymentPostprocessing = 0;
		};
/* End PBXFrameworksBuildPhase section */

/* Begin PBXGroup section */
		2A150BC52B71216400AC8C4C /* Model */ = {
			isa = PBXGroup;
			children = (
				2A150BC62B71217700AC8C4C /* User.swift */,
			);
			path = Model;
			sourceTree = "<group>";
		};
		2A150BCC2B71397800AC8C4C /* FirebaseHelpers */ = {
			isa = PBXGroup;
			children = (
				2A150BCA2B7137D300AC8C4C /* FCollectionReference.swift */,
				2A150BCD2B7139D300AC8C4C /* FirebaseUserListener.swift */,
				2AC8134C2B7A1049009B9F86 /* FileStorage.swift */,
			);
			path = FirebaseHelpers;
			sourceTree = "<group>";
		};
		2AC3FFA42B7270340072F5EE /* Helpers */ = {
			isa = PBXGroup;
			children = (
				2A150BC82B7124F800AC8C4C /* Constants.swift */,
				2AC8134E2B7A3FC3009B9F86 /* GlobalFunctions.swift */,
				2AC813502B7A79A9009B9F86 /* Extentions.swift */,
			);
			path = Helpers;
			sourceTree = "<group>";
		};
		2AE701102B6E229D00033992 = {
			isa = PBXGroup;
			children = (
				2AE7011B2B6E229D00033992 /* MyMessage */,
				2AE7011A2B6E229D00033992 /* Products */,
				D8B378B68FB45EC59862E924 /* Pods */,
				5CC4F8D7AC29279CC3962D0E /* Frameworks */,
			);
			sourceTree = "<group>";
		};
		2AE7011A2B6E229D00033992 /* Products */ = {
			isa = PBXGroup;
			children = (
				2AE701192B6E229D00033992 /* MyMessage.app */,
			);
			name = Products;
			sourceTree = "<group>";
		};
		2AE7011B2B6E229D00033992 /* MyMessage */ = {
			isa = PBXGroup;
			children = (
				2AE7011C2B6E229D00033992 /* AppDelegate.swift */,
				2AE7011E2B6E229D00033992 /* SceneDelegate.swift */,
				2AE701202B6E229D00033992 /* LoginViewController.swift */,
				2AB65C7D2B735A460057B8A3 /* ProfileTableViewController.swift */,
				2AE263EF2B73F8700084B8B2 /* EditProfileTableViewController.swift */,
				2A150BCC2B71397800AC8C4C /* FirebaseHelpers */,
				2A150BC52B71216400AC8C4C /* Model */,
				2AC3FFA42B7270340072F5EE /* Helpers */,
				2AE701222B6E229D00033992 /* Main.storyboard */,
				2AE701282B6E229E00033992 /* Assets.xcassets */,
				2AE7012A2B6E229E00033992 /* LaunchScreen.storyboard */,
				2AE7012D2B6E229E00033992 /* Info.plist */,
				2ABDDB352B6EA25400A0DABF /* GoogleService-Info.plist */,
				2AE701252B6E229D00033992 /* MyMessage.xcdatamodeld */,
			);
			path = MyMessage;
			sourceTree = "<group>";
		};
		5CC4F8D7AC29279CC3962D0E /* Frameworks */ = {
			isa = PBXGroup;
			children = (
				6C6C7091DD8CE4EC0A6294FE /* Pods_MyMessage.framework */,
			);
			name = Frameworks;
			sourceTree = "<group>";
		};
		D8B378B68FB45EC59862E924 /* Pods */ = {
			isa = PBXGroup;
			children = (
				2739A26307B5E0967A5A09A7 /* Pods-MyMessage.debug.xcconfig */,
				1A899BE4CC9A0EC9548ED1CE /* Pods-MyMessage.release.xcconfig */,
			);
			path = Pods;
			sourceTree = "<group>";
		};
/* End PBXGroup section */

/* Begin PBXNativeTarget section */
		2AE701182B6E229D00033992 /* MyMessage */ = {
			isa = PBXNativeTarget;
			buildConfigurationList = 2AE701302B6E229E00033992 /* Build configuration list for PBXNativeTarget "MyMessage" */;
			buildPhases = (
				440544EEB1FBBF969C34A00A /* [CP] Check Pods Manifest.lock */,
				2AE701152B6E229D00033992 /* Sources */,
				2AE701162B6E229D00033992 /* Frameworks */,
				2AE701172B6E229D00033992 /* Resources */,
				6B2A491D0253CA35489B0DEF /* [CP] Embed Pods Frameworks */,
			);
			buildRules = (
			);
			dependencies = (
			);
			name = MyMessage;
			productName = MyMessage;
			productReference = 2AE701192B6E229D00033992 /* MyMessage.app */;
			productType = "com.apple.product-type.application";
		};
/* End PBXNativeTarget section */

/* Begin PBXProject section */
		2AE701112B6E229D00033992 /* Project object */ = {
			isa = PBXProject;
			attributes = {
				BuildIndependentTargetsInParallel = 1;
				LastSwiftUpdateCheck = 1520;
				LastUpgradeCheck = 1520;
				TargetAttributes = {
					2AE701182B6E229D00033992 = {
						CreatedOnToolsVersion = 15.2;
					};
				};
			};
			buildConfigurationList = 2AE701142B6E229D00033992 /* Build configuration list for PBXProject "MyMessage" */;
			compatibilityVersion = "Xcode 14.0";
			developmentRegion = en;
			hasScannedForEncodings = 0;
			knownRegions = (
				en,
				Base,
			);
			mainGroup = 2AE701102B6E229D00033992;
			productRefGroup = 2AE7011A2B6E229D00033992 /* Products */;
			projectDirPath = "";
			projectRoot = "";
			targets = (
				2AE701182B6E229D00033992 /* MyMessage */,
			);
		};
/* End PBXProject section */

/* Begin PBXResourcesBuildPhase section */
		2AE701172B6E229D00033992 /* Resources */ = {
			isa = PBXResourcesBuildPhase;
			buildActionMask = 2147483647;
			files = (
				2AE7012C2B6E229E00033992 /* LaunchScreen.storyboard in Resources */,
				2ABDDB362B6EA25400A0DABF /* GoogleService-Info.plist in Resources */,
				2AE701292B6E229E00033992 /* Assets.xcassets in Resources */,
				2AE701242B6E229D00033992 /* Main.storyboard in Resources */,
			);
			runOnlyForDeploymentPostprocessing = 0;
		};
/* End PBXResourcesBuildPhase section */

/* Begin PBXShellScriptBuildPhase section */
		440544EEB1FBBF969C34A00A /* [CP] Check Pods Manifest.lock */ = {
			isa = PBXShellScriptBuildPhase;
			buildActionMask = 2147483647;
			files = (
			);
			inputFileListPaths = (
			);
			inputPaths = (
				"${PODS_PODFILE_DIR_PATH}/Podfile.lock",
				"${PODS_ROOT}/Manifest.lock",
			);
			name = "[CP] Check Pods Manifest.lock";
			outputFileListPaths = (
			);
			outputPaths = (
				"$(DERIVED_FILE_DIR)/Pods-MyMessage-checkManifestLockResult.txt",
			);
			runOnlyForDeploymentPostprocessing = 0;
			shellPath = /bin/sh;
			shellScript = "diff \"${PODS_PODFILE_DIR_PATH}/Podfile.lock\" \"${PODS_ROOT}/Manifest.lock\" > /dev/null\nif [ $? != 0 ] ; then\n    # print error to STDERR\n    echo \"error: The sandbox is not in sync with the Podfile.lock. Run 'pod install' or update your CocoaPods installation.\" >&2\n    exit 1\nfi\n# This output is used by Xcode 'outputs' to avoid re-running this script phase.\necho \"SUCCESS\" > \"${SCRIPT_OUTPUT_FILE_0}\"\n";
			showEnvVarsInLog = 0;
		};
		6B2A491D0253CA35489B0DEF /* [CP] Embed Pods Frameworks */ = {
			isa = PBXShellScriptBuildPhase;
			buildActionMask = 2147483647;
			files = (
			);
			inputFileListPaths = (
				"${PODS_ROOT}/Target Support Files/Pods-MyMessage/Pods-MyMessage-frameworks-${CONFIGURATION}-input-files.xcfilelist",
			);
			name = "[CP] Embed Pods Frameworks";
			outputFileListPaths = (
				"${PODS_ROOT}/Target Support Files/Pods-MyMessage/Pods-MyMessage-frameworks-${CONFIGURATION}-output-files.xcfilelist",
			);
			runOnlyForDeploymentPostprocessing = 0;
			shellPath = /bin/sh;
			shellScript = "\"${PODS_ROOT}/Target Support Files/Pods-MyMessage/Pods-MyMessage-frameworks.sh\"\n";
			showEnvVarsInLog = 0;
		};
/* End PBXShellScriptBuildPhase section */

/* Begin PBXSourcesBuildPhase section */
		2AE701152B6E229D00033992 /* Sources */ = {
			isa = PBXSourcesBuildPhase;
			buildActionMask = 2147483647;
			files = (
				2AB65C7E2B735A460057B8A3 /* ProfileTableViewController.swift in Sources */,
				2AC8134D2B7A1049009B9F86 /* FileStorage.swift in Sources */,
				2AC8134F2B7A3FC3009B9F86 /* GlobalFunctions.swift in Sources */,
				2AE701212B6E229D00033992 /* LoginViewController.swift in Sources */,
				2AE701272B6E229D00033992 /* MyMessage.xcdatamodeld in Sources */,
				2AE263F02B73F8700084B8B2 /* EditProfileTableViewController.swift in Sources */,
				2AE7011D2B6E229D00033992 /* AppDelegate.swift in Sources */,
				2A150BCE2B7139D300AC8C4C /* FirebaseUserListener.swift in Sources */,
				2AC813512B7A79A9009B9F86 /* Extentions.swift in Sources */,
				2A150BC72B71217700AC8C4C /* User.swift in Sources */,
				2AE7011F2B6E229D00033992 /* SceneDelegate.swift in Sources */,
				2A150BCB2B7137D300AC8C4C /* FCollectionReference.swift in Sources */,
				2A150BC92B7124F800AC8C4C /* Constants.swift in Sources */,
			);
			runOnlyForDeploymentPostprocessing = 0;
		};
/* End PBXSourcesBuildPhase section */

/* Begin PBXVariantGroup section */
		2AE701222B6E229D00033992 /* Main.storyboard */ = {
			isa = PBXVariantGroup;
			children = (
				2AE701232B6E229D00033992 /* Base */,
			);
			name = Main.storyboard;
			sourceTree = "<group>";
		};
		2AE7012A2B6E229E00033992 /* LaunchScreen.storyboard */ = {
			isa = PBXVariantGroup;
			children = (
				2AE7012B2B6E229E00033992 /* Base */,
			);
			name = LaunchScreen.storyboard;
			sourceTree = "<group>";
		};
/* End PBXVariantGroup section */

/* Begin XCBuildConfiguration section */
		2AE7012E2B6E229E00033992 /* Debug */ = {
			isa = XCBuildConfiguration;
			buildSettings = {
				ALWAYS_SEARCH_USER_PATHS = NO;
				ASSETCATALOG_COMPILER_GENERATE_SWIFT_ASSET_SYMBOL_EXTENSIONS = YES;
				CLANG_ANALYZER_NONNULL = YES;
				CLANG_ANALYZER_NUMBER_OBJECT_CONVERSION = YES_AGGRESSIVE;
				CLANG_CXX_LANGUAGE_STANDARD = "gnu++20";
				CLANG_ENABLE_MODULES = YES;
				CLANG_ENABLE_OBJC_ARC = YES;
				CLANG_ENABLE_OBJC_WEAK = YES;
				CLANG_WARN_BLOCK_CAPTURE_AUTORELEASING = YES;
				CLANG_WARN_BOOL_CONVERSION = YES;
				CLANG_WARN_COMMA = YES;
				CLANG_WARN_CONSTANT_CONVERSION = YES;
				CLANG_WARN_DEPRECATED_OBJC_IMPLEMENTATIONS = YES;
				CLANG_WARN_DIRECT_OBJC_ISA_USAGE = YES_ERROR;
				CLANG_WARN_DOCUMENTATION_COMMENTS = YES;
				CLANG_WARN_EMPTY_BODY = YES;
				CLANG_WARN_ENUM_CONVERSION = YES;
				CLANG_WARN_INFINITE_RECURSION = YES;
				CLANG_WARN_INT_CONVERSION = YES;
				CLANG_WARN_NON_LITERAL_NULL_CONVERSION = YES;
				CLANG_WARN_OBJC_IMPLICIT_RETAIN_SELF = YES;
				CLANG_WARN_OBJC_LITERAL_CONVERSION = YES;
				CLANG_WARN_OBJC_ROOT_CLASS = YES_ERROR;
				CLANG_WARN_QUOTED_INCLUDE_IN_FRAMEWORK_HEADER = YES;
				CLANG_WARN_RANGE_LOOP_ANALYSIS = YES;
				CLANG_WARN_STRICT_PROTOTYPES = YES;
				CLANG_WARN_SUSPICIOUS_MOVE = YES;
				CLANG_WARN_UNGUARDED_AVAILABILITY = YES_AGGRESSIVE;
				CLANG_WARN_UNREACHABLE_CODE = YES;
				CLANG_WARN__DUPLICATE_METHOD_MATCH = YES;
				COPY_PHASE_STRIP = NO;
				DEBUG_INFORMATION_FORMAT = dwarf;
				ENABLE_STRICT_OBJC_MSGSEND = YES;
				ENABLE_TESTABILITY = YES;
				ENABLE_USER_SCRIPT_SANDBOXING = YES;
				GCC_C_LANGUAGE_STANDARD = gnu17;
				GCC_DYNAMIC_NO_PIC = NO;
				GCC_NO_COMMON_BLOCKS = YES;
				GCC_OPTIMIZATION_LEVEL = 0;
				GCC_PREPROCESSOR_DEFINITIONS = (
					"DEBUG=1",
					"$(inherited)",
				);
				GCC_WARN_64_TO_32_BIT_CONVERSION = YES;
				GCC_WARN_ABOUT_RETURN_TYPE = YES_ERROR;
				GCC_WARN_UNDECLARED_SELECTOR = YES;
				GCC_WARN_UNINITIALIZED_AUTOS = YES_AGGRESSIVE;
				GCC_WARN_UNUSED_FUNCTION = YES;
				GCC_WARN_UNUSED_VARIABLE = YES;
				IPHONEOS_DEPLOYMENT_TARGET = 16.5;
				LOCALIZATION_PREFERS_STRING_CATALOGS = YES;
				MTL_ENABLE_DEBUG_INFO = INCLUDE_SOURCE;
				MTL_FAST_MATH = YES;
				ONLY_ACTIVE_ARCH = YES;
				SDKROOT = iphoneos;
				SWIFT_ACTIVE_COMPILATION_CONDITIONS = "DEBUG $(inherited)";
				SWIFT_OPTIMIZATION_LEVEL = "-Onone";
			};
			name = Debug;
		};
		2AE7012F2B6E229E00033992 /* Release */ = {
			isa = XCBuildConfiguration;
			buildSettings = {
				ALWAYS_SEARCH_USER_PATHS = NO;
				ASSETCATALOG_COMPILER_GENERATE_SWIFT_ASSET_SYMBOL_EXTENSIONS = YES;
				CLANG_ANALYZER_NONNULL = YES;
				CLANG_ANALYZER_NUMBER_OBJECT_CONVERSION = YES_AGGRESSIVE;
				CLANG_CXX_LANGUAGE_STANDARD = "gnu++20";
				CLANG_ENABLE_MODULES = YES;
				CLANG_ENABLE_OBJC_ARC = YES;
				CLANG_ENABLE_OBJC_WEAK = YES;
				CLANG_WARN_BLOCK_CAPTURE_AUTORELEASING = YES;
				CLANG_WARN_BOOL_CONVERSION = YES;
				CLANG_WARN_COMMA = YES;
				CLANG_WARN_CONSTANT_CONVERSION = YES;
				CLANG_WARN_DEPRECATED_OBJC_IMPLEMENTATIONS = YES;
				CLANG_WARN_DIRECT_OBJC_ISA_USAGE = YES_ERROR;
				CLANG_WARN_DOCUMENTATION_COMMENTS = YES;
				CLANG_WARN_EMPTY_BODY = YES;
				CLANG_WARN_ENUM_CONVERSION = YES;
				CLANG_WARN_INFINITE_RECURSION = YES;
				CLANG_WARN_INT_CONVERSION = YES;
				CLANG_WARN_NON_LITERAL_NULL_CONVERSION = YES;
				CLANG_WARN_OBJC_IMPLICIT_RETAIN_SELF = YES;
				CLANG_WARN_OBJC_LITERAL_CONVERSION = YES;
				CLANG_WARN_OBJC_ROOT_CLASS = YES_ERROR;
				CLANG_WARN_QUOTED_INCLUDE_IN_FRAMEWORK_HEADER = YES;
				CLANG_WARN_RANGE_LOOP_ANALYSIS = YES;
				CLANG_WARN_STRICT_PROTOTYPES = YES;
				CLANG_WARN_SUSPICIOUS_MOVE = YES;
				CLANG_WARN_UNGUARDED_AVAILABILITY = YES_AGGRESSIVE;
				CLANG_WARN_UNREACHABLE_CODE = YES;
				CLANG_WARN__DUPLICATE_METHOD_MATCH = YES;
				COPY_PHASE_STRIP = NO;
				DEBUG_INFORMATION_FORMAT = "dwarf-with-dsym";
				ENABLE_NS_ASSERTIONS = NO;
				ENABLE_STRICT_OBJC_MSGSEND = YES;
				ENABLE_USER_SCRIPT_SANDBOXING = YES;
				GCC_C_LANGUAGE_STANDARD = gnu17;
				GCC_NO_COMMON_BLOCKS = YES;
				GCC_WARN_64_TO_32_BIT_CONVERSION = YES;
				GCC_WARN_ABOUT_RETURN_TYPE = YES_ERROR;
				GCC_WARN_UNDECLARED_SELECTOR = YES;
				GCC_WARN_UNINITIALIZED_AUTOS = YES_AGGRESSIVE;
				GCC_WARN_UNUSED_FUNCTION = YES;
				GCC_WARN_UNUSED_VARIABLE = YES;
				IPHONEOS_DEPLOYMENT_TARGET = 16.5;
				LOCALIZATION_PREFERS_STRING_CATALOGS = YES;
				MTL_ENABLE_DEBUG_INFO = NO;
				MTL_FAST_MATH = YES;
				SDKROOT = iphoneos;
				SWIFT_COMPILATION_MODE = wholemodule;
				VALIDATE_PRODUCT = YES;
			};
			name = Release;
		};
		2AE701312B6E229E00033992 /* Debug */ = {
			isa = XCBuildConfiguration;
			baseConfigurationReference = 2739A26307B5E0967A5A09A7 /* Pods-MyMessage.debug.xcconfig */;
			buildSettings = {
				ASSETCATALOG_COMPILER_APPICON_NAME = AppIcon;
				ASSETCATALOG_COMPILER_GLOBAL_ACCENT_COLOR_NAME = AccentColor;
				CODE_SIGN_STYLE = Automatic;
				CURRENT_PROJECT_VERSION = 1;
				DEVELOPMENT_TEAM = 7B3GDB4H8F;
				ENABLE_USER_SCRIPT_SANDBOXING = NO;
				GENERATE_INFOPLIST_FILE = YES;
				INFOPLIST_FILE = MyMessage/Info.plist;
				INFOPLIST_KEY_UIApplicationSupportsIndirectInputEvents = YES;
				INFOPLIST_KEY_UILaunchStoryboardName = LaunchScreen;
				INFOPLIST_KEY_UIMainStoryboardFile = Main;
				INFOPLIST_KEY_UISupportedInterfaceOrientations_iPad = "UIInterfaceOrientationPortrait UIInterfaceOrientationPortraitUpsideDown UIInterfaceOrientationLandscapeLeft UIInterfaceOrientationLandscapeRight";
				INFOPLIST_KEY_UISupportedInterfaceOrientations_iPhone = "UIInterfaceOrientationPortrait UIInterfaceOrientationLandscapeLeft UIInterfaceOrientationLandscapeRight";
				IPHONEOS_DEPLOYMENT_TARGET = 16.5;
				LD_RUNPATH_SEARCH_PATHS = (
					"$(inherited)",
					"@executable_path/Frameworks",
				);
				MARKETING_VERSION = 1.0;
				PRODUCT_BUNDLE_IDENTIFIER = com.JELAVOR.MyMessage.MyMessage;
				PRODUCT_NAME = "$(TARGET_NAME)";
				SWIFT_EMIT_LOC_STRINGS = YES;
				SWIFT_VERSION = 5.0;
				TARGETED_DEVICE_FAMILY = "1,2";
			};
			name = Debug;
		};
		2AE701322B6E229E00033992 /* Release */ = {
			isa = XCBuildConfiguration;
			baseConfigurationReference = 1A899BE4CC9A0EC9548ED1CE /* Pods-MyMessage.release.xcconfig */;
			buildSettings = {
				ASSETCATALOG_COMPILER_APPICON_NAME = AppIcon;
				ASSETCATALOG_COMPILER_GLOBAL_ACCENT_COLOR_NAME = AccentColor;
				CODE_SIGN_STYLE = Automatic;
				CURRENT_PROJECT_VERSION = 1;
				DEVELOPMENT_TEAM = 7B3GDB4H8F;
				ENABLE_USER_SCRIPT_SANDBOXING = NO;
				GENERATE_INFOPLIST_FILE = YES;
				INFOPLIST_FILE = MyMessage/Info.plist;
				INFOPLIST_KEY_UIApplicationSupportsIndirectInputEvents = YES;
				INFOPLIST_KEY_UILaunchStoryboardName = LaunchScreen;
				INFOPLIST_KEY_UIMainStoryboardFile = Main;
				INFOPLIST_KEY_UISupportedInterfaceOrientations_iPad = "UIInterfaceOrientationPortrait UIInterfaceOrientationPortraitUpsideDown UIInterfaceOrientationLandscapeLeft UIInterfaceOrientationLandscapeRight";
				INFOPLIST_KEY_UISupportedInterfaceOrientations_iPhone = "UIInterfaceOrientationPortrait UIInterfaceOrientationLandscapeLeft UIInterfaceOrientationLandscapeRight";
				IPHONEOS_DEPLOYMENT_TARGET = 16.5;
				LD_RUNPATH_SEARCH_PATHS = (
					"$(inherited)",
					"@executable_path/Frameworks",
				);
				MARKETING_VERSION = 1.0;
				PRODUCT_BUNDLE_IDENTIFIER = com.JELAVOR.MyMessage.MyMessage;
				PRODUCT_NAME = "$(TARGET_NAME)";
				SWIFT_EMIT_LOC_STRINGS = YES;
				SWIFT_VERSION = 5.0;
				TARGETED_DEVICE_FAMILY = "1,2";
			};
			name = Release;
		};
/* End XCBuildConfiguration section */

/* Begin XCConfigurationList section */
		2AE701142B6E229D00033992 /* Build configuration list for PBXProject "MyMessage" */ = {
			isa = XCConfigurationList;
			buildConfigurations = (
				2AE7012E2B6E229E00033992 /* Debug */,
				2AE7012F2B6E229E00033992 /* Release */,
			);
			defaultConfigurationIsVisible = 0;
			defaultConfigurationName = Release;
		};
		2AE701302B6E229E00033992 /* Build configuration list for PBXNativeTarget "MyMessage" */ = {
			isa = XCConfigurationList;
			buildConfigurations = (
				2AE701312B6E229E00033992 /* Debug */,
				2AE701322B6E229E00033992 /* Release */,
			);
			defaultConfigurationIsVisible = 0;
			defaultConfigurationName = Release;
		};
/* End XCConfigurationList section */

/* Begin XCVersionGroup section */
		2AE701252B6E229D00033992 /* MyMessage.xcdatamodeld */ = {
			isa = XCVersionGroup;
			children = (
				2AE701262B6E229D00033992 /* MyMessage.xcdatamodel */,
			);
			currentVersion = 2AE701262B6E229D00033992 /* MyMessage.xcdatamodel */;
			path = MyMessage.xcdatamodeld;
			sourceTree = "<group>";
			versionGroupType = wrapper.xcdatamodel;
		};
/* End XCVersionGroup section */
	};
	rootObject = 2AE701112B6E229D00033992 /* Project object */;
}
